
Microsoft Visual Studio Solution File, Format Version 12.00
# Visual Studio Version 17
VisualStudioVersion = 17.9.34622.214
MinimumVisualStudioVersion = 10.0.40219.1
Project("{9A19103F-16F7-4668-BE54-9A1E7A4F7556}") = "BushraWeb", "BushraWeb\BushraWeb.csproj", "{C137BF48-757D-416D-9C80-17B19AC344F8}"
EndProject
Project("{FAE04EC0-301F-11D3-BF4B-00C04F79EFBC}") = "Bushra.Models", "Bushra.Models\Bushra.Models.csproj", "{32714F02-C163-4DB3-93B9-14B15D6EFB75}"
EndProject
Project("{FAE04EC0-301F-11D3-BF4B-00C04F79EFBC}") = "Bushra.DAL", "Bushra.DAL\Bushra.DAL.csproj", "{42D23468-72CB-464D-A56F-59695628E845}"
EndProject
Global
	GlobalSection(SolutionConfigurationPlatforms) = preSolution
		Debug|Any CPU = Debug|Any CPU
		Release|Any CPU = Release|Any CPU
	EndGlobalSection
	GlobalSection(ProjectConfigurationPlatforms) = postSolution
		{C137BF48-757D-416D-9C80-17B19AC344F8}.Debug|Any CPU.ActiveCfg = Debug|Any CPU
		{C137BF48-757D-416D-9C80-17B19AC344F8}.Debug|Any CPU.Build.0 = Debug|Any CPU
		{C137BF48-757D-416D-9C80-17B19AC344F8}.Release|Any CPU.ActiveCfg = Release|Any CPU
		{C137BF48-757D-416D-9C80-17B19AC344F8}.Release|Any CPU.Build.0 = Release|Any CPU
		{32714F02-C163-4DB3-93B9-14B15D6EFB75}.Debug|Any CPU.ActiveCfg = Debug|Any CPU
		{32714F02-C163-4DB3-93B9-14B15D6EFB75}.Debug|Any CPU.Build.0 = Debug|Any CPU
		{32714F02-C163-4DB3-93B9-14B15D6EFB75}.Release|Any CPU.ActiveCfg = Release|Any CPU
		{32714F02-C163-4DB3-93B9-14B15D6EFB75}.Release|Any CPU.Build.0 = Release|Any CPU
		{42D23468-72CB-464D-A56F-59695628E845}.Debug|Any CPU.ActiveCfg = Debug|Any CPU
		{42D23468-72CB-464D-A56F-59695628E845}.Debug|Any CPU.Build.0 = Debug|Any CPU
		{42D23468-72CB-464D-A56F-59695628E845}.Release|Any CPU.ActiveCfg = Release|Any CPU
		{42D23468-72CB-464D-A56F-59695628E845}.Release|Any CPU.Build.0 = Release|Any CPU
	EndGlobalSection
	GlobalSection(SolutionProperties) = preSolution
		HideSolutionNode = FALSE
	EndGlobalSection
	GlobalSection(ExtensibilityGlobals) = postSolution
		SolutionGuid = {A7CEC368-5C0E-49B6-9C26-DCB7DDCE3B60}
	EndGlobalSection
EndGlobal
